
Microsoft Visual Studio Solution File, Format Version 12.00
# Visual Studio Version 16
VisualStudioVersion = 16.0.33027.164
MinimumVisualStudioVersion = 10.0.40219.1
Project("{FAE04EC0-301F-11D3-BF4B-00C04F79EFBC}") = "capapresentacionadmin", "capapresentacionadmin\capapresentacionadmin.csproj", "{C3C9C4C2-4C62-4FFC-A843-401561F113BE}"
EndProject
Project("{FAE04EC0-301F-11D3-BF4B-00C04F79EFBC}") = "capapresentaciontienda", "capapresentaciontienda\capapresentaciontienda.csproj", "{D3B1E54B-9894-4C5C-9AD0-4CD7C7CB738F}"
EndProject
Project("{FAE04EC0-301F-11D3-BF4B-00C04F79EFBC}") = "capadato", "capadato\capadato.csproj", "{AED65116-C8BD-43C2-AB58-69D1E594035F}"
EndProject
Project("{FAE04EC0-301F-11D3-BF4B-00C04F79EFBC}") = "capaentidad", "capaentidad\capaentidad.csproj", "{ED1A7A28-BF18-4A05-AC37-504D884EEA2E}"
EndProject
Project("{FAE04EC0-301F-11D3-BF4B-00C04F79EFBC}") = "capanegocio", "capanegocio\capanegocio.csproj", "{F42E14FC-9835-45EC-AB54-88D2DF8E46A7}"
EndProject
Global
	GlobalSection(SolutionConfigurationPlatforms) = preSolution
		Debug|Any CPU = Debug|Any CPU
		Release|Any CPU = Release|Any CPU
	EndGlobalSection
	GlobalSection(ProjectConfigurationPlatforms) = postSolution
		{C3C9C4C2-4C62-4FFC-A843-401561F113BE}.Debug|Any CPU.ActiveCfg = Debug|Any CPU
		{C3C9C4C2-4C62-4FFC-A843-401561F113BE}.Debug|Any CPU.Build.0 = Debug|Any CPU
		{C3C9C4C2-4C62-4FFC-A843-401561F113BE}.Release|Any CPU.ActiveCfg = Release|Any CPU
		{C3C9C4C2-4C62-4FFC-A843-401561F113BE}.Release|Any CPU.Build.0 = Release|Any CPU
		{D3B1E54B-9894-4C5C-9AD0-4CD7C7CB738F}.Debug|Any CPU.ActiveCfg = Debug|Any CPU
		{D3B1E54B-9894-4C5C-9AD0-4CD7C7CB738F}.Debug|Any CPU.Build.0 = Debug|Any CPU
		{D3B1E54B-9894-4C5C-9AD0-4CD7C7CB738F}.Release|Any CPU.ActiveCfg = Release|Any CPU
		{D3B1E54B-9894-4C5C-9AD0-4CD7C7CB738F}.Release|Any CPU.Build.0 = Release|Any CPU
		{AED65116-C8BD-43C2-AB58-69D1E594035F}.Debug|Any CPU.ActiveCfg = Debug|Any CPU
		{AED65116-C8BD-43C2-AB58-69D1E594035F}.Debug|Any CPU.Build.0 = Debug|Any CPU
		{AED65116-C8BD-43C2-AB58-69D1E594035F}.Release|Any CPU.ActiveCfg = Release|Any CPU
		{AED65116-C8BD-43C2-AB58-69D1E594035F}.Release|Any CPU.Build.0 = Release|Any CPU
		{ED1A7A28-BF18-4A05-AC37-504D884EEA2E}.Debug|Any CPU.ActiveCfg = Debug|Any CPU
		{ED1A7A28-BF18-4A05-AC37-504D884EEA2E}.Debug|Any CPU.Build.0 = Debug|Any CPU
		{ED1A7A28-BF18-4A05-AC37-504D884EEA2E}.Release|Any CPU.ActiveCfg = Release|Any CPU
		{ED1A7A28-BF18-4A05-AC37-504D884EEA2E}.Release|Any CPU.Build.0 = Release|Any CPU
		{F42E14FC-9835-45EC-AB54-88D2DF8E46A7}.Debug|Any CPU.ActiveCfg = Debug|Any CPU
		{F42E14FC-9835-45EC-AB54-88D2DF8E46A7}.Debug|Any CPU.Build.0 = Debug|Any CPU
		{F42E14FC-9835-45EC-AB54-88D2DF8E46A7}.Release|Any CPU.ActiveCfg = Release|Any CPU
		{F42E14FC-9835-45EC-AB54-88D2DF8E46A7}.Release|Any CPU.Build.0 = Release|Any CPU
	EndGlobalSection
	GlobalSection(SolutionProperties) = preSolution
		HideSolutionNode = FALSE
	EndGlobalSection
	GlobalSection(ExtensibilityGlobals) = postSolution
		SolutionGuid = {2DD6F24A-237B-49AC-9A6C-06D9C591FB89}
	EndGlobalSection
EndGlobal
